
Microsoft Visual Studio Solution File, Format Version 12.00
# Visual Studio Version 17
VisualStudioVersion = 17.3.32811.315
MinimumVisualStudioVersion = 10.0.40219.1
Project("{8BC9CEB8-8B4A-11D0-8D11-00A0C91BC942}") = "Juli4ever", "Juli4ever.vcxproj", "{B862F0D7-6F07-456D-9764-D0DBD458F530}"
EndProject
Global
	GlobalSection(SolutionConfigurationPlatforms) = preSolution
		Debug|x64 = Debug|x64
		Debug|x86 = Debug|x86
		Release|x64 = Release|x64
		Release|x86 = Release|x86
	EndGlobalSection
	GlobalSection(ProjectConfigurationPlatforms) = postSolution
		{B862F0D7-6F07-456D-9764-D0DBD458F530}.Debug|x64.ActiveCfg = Debug|x64
		{B862F0D7-6F07-456D-9764-D0DBD458F530}.Debug|x64.Build.0 = Debug|x64
		{B862F0D7-6F07-456D-9764-D0DBD458F530}.Debug|x86.ActiveCfg = Debug|Win32
		{B862F0D7-6F07-456D-9764-D0DBD458F530}.Debug|x86.Build.0 = Debug|Win32
		{B862F0D7-6F07-456D-9764-D0DBD458F530}.Release|x64.ActiveCfg = Release|x64
		{B862F0D7-6F07-456D-9764-D0DBD458F530}.Release|x64.Build.0 = Release|x64
		{B862F0D7-6F07-456D-9764-D0DBD458F530}.Release|x86.ActiveCfg = Release|Win32
		{B862F0D7-6F07-456D-9764-D0DBD458F530}.Release|x86.Build.0 = Release|Win32
	EndGlobalSection
	GlobalSection(SolutionProperties) = preSolution
		HideSolutionNode = FALSE
	EndGlobalSection
	GlobalSection(ExtensibilityGlobals) = postSolution
		SolutionGuid = {CE9AEE25-740E-4505-8152-5565B37A1084}
	EndGlobalSection
EndGlobal
